
Microsoft Visual Studio Solution File, Format Version 12.00
# Visual Studio Version 17
VisualStudioVersion = 17.13.35931.197
MinimumVisualStudioVersion = 10.0.40219.1
Project("{FAE04EC0-301F-11D3-BF4B-00C04F79EFBC}") = "Certtificates.Manager", "Certtificates.Manager\Certtificates.Manager.csproj", "{7E59F0E9-8FC9-4ACC-B93C-0073A1F53740}"
EndProject
Project("{FAE04EC0-301F-11D3-BF4B-00C04F79EFBC}") = "Certtificates.Manager.ConsoleApp", "Certtificates.Manager.ConsoleApp\Certtificates.Manager.ConsoleApp.csproj", "{80999681-09A1-4C5E-8849-44CCF7778229}"
EndProject
Project("{2150E333-8FDC-42A3-9474-1A3956D46DE8}") = "publish", "publish", "{02EA681E-C7D8-13C7-8484-4AC65E1B71E8}"
	ProjectSection(SolutionItems) = preProject
		publish\Certtificates.Manager.deps.json = publish\Certtificates.Manager.deps.json
		publish\Certtificates.Manager.dll = publish\Certtificates.Manager.dll
		publish\Certtificates.Manager.exe = publish\Certtificates.Manager.exe
		publish\Certtificates.Manager.pdb = publish\Certtificates.Manager.pdb
		publish\Certtificates.Manager.runtimeconfig.json = publish\Certtificates.Manager.runtimeconfig.json
		publish\readme.md = publish\readme.md
		publish\Tela01.png = publish\Tela01.png
		publish\Tela02.png = publish\Tela02.png
		publish\Tela03.png = publish\Tela03.png
	EndProjectSection
EndProject
Global
	GlobalSection(SolutionConfigurationPlatforms) = preSolution
		Debug|Any CPU = Debug|Any CPU
		Release|Any CPU = Release|Any CPU
	EndGlobalSection
	GlobalSection(ProjectConfigurationPlatforms) = postSolution
		{7E59F0E9-8FC9-4ACC-B93C-0073A1F53740}.Debug|Any CPU.ActiveCfg = Debug|Any CPU
		{7E59F0E9-8FC9-4ACC-B93C-0073A1F53740}.Debug|Any CPU.Build.0 = Debug|Any CPU
		{7E59F0E9-8FC9-4ACC-B93C-0073A1F53740}.Release|Any CPU.ActiveCfg = Release|Any CPU
		{7E59F0E9-8FC9-4ACC-B93C-0073A1F53740}.Release|Any CPU.Build.0 = Release|Any CPU
		{80999681-09A1-4C5E-8849-44CCF7778229}.Debug|Any CPU.ActiveCfg = Debug|Any CPU
		{80999681-09A1-4C5E-8849-44CCF7778229}.Debug|Any CPU.Build.0 = Debug|Any CPU
		{80999681-09A1-4C5E-8849-44CCF7778229}.Release|Any CPU.ActiveCfg = Release|Any CPU
		{80999681-09A1-4C5E-8849-44CCF7778229}.Release|Any CPU.Build.0 = Release|Any CPU
	EndGlobalSection
	GlobalSection(SolutionProperties) = preSolution
		HideSolutionNode = FALSE
	EndGlobalSection
	GlobalSection(ExtensibilityGlobals) = postSolution
		SolutionGuid = {19CFE8DB-7CE1-4263-81C0-279F3834FB8E}
	EndGlobalSection
EndGlobal
